Microsoft Visual Studio Solution File, Format Version 7.00
Project("{FAE04EC0-301F-11D3-BF4B-00C04F79EFBC}") = "StartingPoint", "StartingPoint.csproj", "{E33EBB22-63BA-4EB7-AED8-4BD78EA1679A}"
EndProject
Global
	GlobalSection(SolutionConfiguration) = preSolution
		ConfigName.0 = Debug
		ConfigName.1 = Release
	EndGlobalSection
	GlobalSection(ProjectDependencies) = postSolution
	EndGlobalSection
	GlobalSection(ProjectConfiguration) = postSolution
		{E33EBB22-63BA-4EB7-AED8-4BD78EA1679A}.Debug.ActiveCfg = Debug|.NET
		{E33EBB22-63BA-4EB7-AED8-4BD78EA1679A}.Debug.Build.0 = Debug|.NET
		{E33EBB22-63BA-4EB7-AED8-4BD78EA1679A}.Release.ActiveCfg = Release|.NET
		{E33EBB22-63BA-4EB7-AED8-4BD78EA1679A}.Release.Build.0 = Release|.NET
	EndGlobalSection
	GlobalSection(SolutionItems) = postSolution
		Item:1 = Documentation.htm
	EndGlobalSection
	GlobalSection(ExtensibilityGlobals) = postSolution
	EndGlobalSection
	GlobalSection(ExtensibilityAddIns) = postSolution
	EndGlobalSection
EndGlobal
