Microsoft Visual Studio Solution File, Format Version 12.00
# Visual Studio 2013
VisualStudioVersion = 12.0.31101.0
MinimumVisualStudioVersion = 10.0.40219.1
Project("{2150E333-8FDC-42A3-9474-1A3956D46DE8}") = "Solution Items", "Solution Items", "{0596B0DC-0DE6-4F3F-AB6E-B621E3225B4D}"
	ProjectSection(SolutionItems) = preProject
		Documentation.htm = Documentation.htm
	EndProjectSection
EndProject
Project("{FAE04EC0-301F-11D3-BF4B-00C04F79EFBC}") = "StartingPoint", "StartingPoint\StartingPoint.csproj", "{E33EBB22-63BA-4EB7-AED8-4BD78EA1679A}"
EndProject
Project("{FAE04EC0-301F-11D3-BF4B-00C04F79EFBC}") = "StartingPoint.Test", "StartingPoint.Test\StartingPoint.Test.csproj", "{892124DD-875D-40E1-A4FC-3BAD5118BB45}"
EndProject
Global
	GlobalSection(SolutionConfigurationPlatforms) = preSolution
		Debug|Any CPU = Debug|Any CPU
		Release|Any CPU = Release|Any CPU
	EndGlobalSection
	GlobalSection(ProjectConfigurationPlatforms) = postSolution
		{E33EBB22-63BA-4EB7-AED8-4BD78EA1679A}.Debug|Any CPU.ActiveCfg = Debug|Any CPU
		{E33EBB22-63BA-4EB7-AED8-4BD78EA1679A}.Debug|Any CPU.Build.0 = Debug|Any CPU
		{E33EBB22-63BA-4EB7-AED8-4BD78EA1679A}.Release|Any CPU.ActiveCfg = Release|Any CPU
		{E33EBB22-63BA-4EB7-AED8-4BD78EA1679A}.Release|Any CPU.Build.0 = Release|Any CPU
		{892124DD-875D-40E1-A4FC-3BAD5118BB45}.Debug|Any CPU.ActiveCfg = Debug|Any CPU
		{892124DD-875D-40E1-A4FC-3BAD5118BB45}.Debug|Any CPU.Build.0 = Debug|Any CPU
		{892124DD-875D-40E1-A4FC-3BAD5118BB45}.Release|Any CPU.ActiveCfg = Release|Any CPU
		{892124DD-875D-40E1-A4FC-3BAD5118BB45}.Release|Any CPU.Build.0 = Release|Any CPU
	EndGlobalSection
	GlobalSection(SolutionProperties) = preSolution
		HideSolutionNode = FALSE
	EndGlobalSection
EndGlobal
